// !$*UTF8*$!
{
	archiveVersion = 1;
	classes = {
	};
	objectVersion = 46;
	objects = {

/* Begin PBXBuildFile section */
		04335D221C77F0CB009CA509 /* main.m in Sources */ = {isa = PBXBuildFile; fileRef = 04335D211C77F0CB009CA509 /* main.m */; };
		04335D251C77F0CB009CA509 /* AppDelegate.m in Sources */ = {isa = PBXBuildFile; fileRef = 04335D241C77F0CB009CA509 /* AppDelegate.m */; };
		04335D281C77F0CB009CA509 /* FirstViewController.m in Sources */ = {isa = PBXBuildFile; fileRef = 04335D271C77F0CB009CA509 /* FirstViewController.m */; };
		04335D2B1C77F0CB009CA509 /* SecondViewController.m in Sources */ = {isa = PBXBuildFile; fileRef = 04335D2A1C77F0CB009CA509 /* SecondViewController.m */; };
		04335D2E1C77F0CB009CA509 /* Main.storyboard in Resources */ = {isa = PBXBuildFile; fileRef = 04335D2C1C77F0CB009CA509 /* Main.storyboard */; };
		04335D301C77F0CB009CA509 /* Images.xcassets in Resources */ = {isa = PBXBuildFile; fileRef = 04335D2F1C77F0CB009CA509 /* Images.xcassets */; };
		04335D331C77F0CB009CA509 /* LaunchScreen.xib in Resources */ = {isa = PBXBuildFile; fileRef = 04335D311C77F0CB009CA509 /* LaunchScreen.xib */; };
		04335D3F1C77F0CB009CA509 /* moneyshotTests.m in Sources */ = {isa = PBXBuildFile; fileRef = 04335D3E1C77F0CB009CA509 /* moneyshotTests.m */; };
/* End PBXBuildFile section */

/* Begin PBXContainerItemProxy section */
		04335D391C77F0CB009CA509 /* PBXContainerItemProxy */ = {
			isa = PBXContainerItemProxy;
			containerPortal = 04335D141C77F0CB009CA509 /* Project object */;
			proxyType = 1;
			remoteGlobalIDString = 04335D1B1C77F0CB009CA509;
			remoteInfo = moneyshot;
		};
/* End PBXContainerItemProxy section */

/* Begin PBXFileReference section */
		04335D1C1C77F0CB009CA509 /* moneyshot.app */ = {isa = PBXFileReference; explicitFileType = wrapper.application; includeInIndex = 0; path = moneyshot.app; sourceTree = BUILT_PRODUCTS_DIR; };
		04335D201C77F0CB009CA509 /* Info.plist */ = {isa = PBXFileReference; lastKnownFileType = text.plist.xml; path = Info.plist; sourceTree = "<group>"; };
		04335D211C77F0CB009CA509 /* main.m */ = {isa = PBXFileReference; lastKnownFileType = sourcecode.c.objc; path = main.m; sourceTree = "<group>"; };
		04335D231C77F0CB009CA509 /* AppDelegate.h */ = {isa = PBXFileReference; lastKnownFileType = sourcecode.c.h; path = AppDelegate.h; sourceTree = "<group>"; };
		04335D241C77F0CB009CA509 /* AppDelegate.m */ = {isa = PBXFileReference; lastKnownFileType = sourcecode.c.objc; path = AppDelegate.m; sourceTree = "<group>"; };
		04335D261C77F0CB009CA509 /* FirstViewController.h */ = {isa = PBXFileReference; lastKnownFileType = sourcecode.c.h; path = FirstViewController.h; sourceTree = "<group>"; };
		04335D271C77F0CB009CA509 /* FirstViewController.m */ = {isa = PBXFileReference; lastKnownFileType = sourcecode.c.objc; path = FirstViewController.m; sourceTree = "<group>"; };
		04335D291C77F0CB009CA509 /* SecondViewController.h */ = {isa = PBXFileReference; lastKnownFileType = sourcecode.c.h; path = SecondViewController.h; sourceTree = "<group>"; };
		04335D2A1C77F0CB009CA509 /* SecondViewController.m */ = {isa = PBXFileReference; lastKnownFileType = sourcecode.c.objc; path = SecondViewController.m; sourceTree = "<group>"; };
		04335D2D1C77F0CB009CA509 /* Base */ = {isa = PBXFileReference; lastKnownFileType = file.storyboard; name = Base; path = Base.lproj/Main.storyboard; sourceTree = "<group>"; };
		04335D2F1C77F0CB009CA509 /* Images.xcassets */ = {isa = PBXFileReference; lastKnownFileType = folder.assetcatalog; path = Images.xcassets; sourceTree = "<group>"; };
		04335D321C77F0CB009CA509 /* Base */ = {isa = PBXFileReference; lastKnownFileType = file.xib; name = Base; path = Base.lproj/LaunchScreen.xib; sourceTree = "<group>"; };
		04335D381C77F0CB009CA509 /* moneyshotTests.xctest */ = {isa = PBXFileReference; explicitFileType = wrapper.cfbundle; includeInIndex = 0; path = moneyshotTests.xctest; sourceTree = BUILT_PRODUCTS_DIR; };
		04335D3D1C77F0CB009CA509 /* Info.plist */ = {isa = PBXFileReference; lastKnownFileType = text.plist.xml; path = Info.plist; sourceTree = "<group>"; };
		04335D3E1C77F0CB009CA509 /* moneyshotTests.m */ = {isa = PBXFileReference; lastKnownFileType = sourcecode.c.objc; path = moneyshotTests.m; sourceTree = "<group>"; };
/* End PBXFileReference section */

/* Begin PBXFrameworksBuildPhase section */
		04335D191C77F0CB009CA509 /* Frameworks */ = {
			isa = PBXFrameworksBuildPhase;
			buildActionMask = 2147483647;
			files = (
			);
			runOnlyForDeploymentPostprocessing = 0;
		};
		04335D351C77F0CB009CA509 /* Frameworks */ = {
			isa = PBXFrameworksBuildPhase;
			buildActionMask = 2147483647;
			files = (
			);
			runOnlyForDeploymentPostprocessing = 0;
		};
/* End PBXFrameworksBuildPhase section */

/* Begin PBXGroup section */
		04335D131C77F0CB009CA509 = {
			isa = PBXGroup;
			children = (
				04335D1E1C77F0CB009CA509 /* moneyshot */,
				04335D3B1C77F0CB009CA509 /* moneyshotTests */,
				04335D1D1C77F0CB009CA509 /* Products */,
			);
			sourceTree = "<group>";
		};
		04335D1D1C77F0CB009CA509 /* Products */ = {
			isa = PBXGroup;
			children = (
				04335D1C1C77F0CB009CA509 /* moneyshot.app */,
				04335D381C77F0CB009CA509 /* moneyshotTests.xctest */,
			);
			name = Products;
			sourceTree = "<group>";
		};
		04335D1E1C77F0CB009CA509 /* moneyshot */ = {
			isa = PBXGroup;
			children = (
				04335D231C77F0CB009CA509 /* AppDelegate.h */,
				04335D241C77F0CB009CA509 /* AppDelegate.m */,
				04335D261C77F0CB009CA509 /* FirstViewController.h */,
				04335D271C77F0CB009CA509 /* FirstViewController.m */,
				04335D291C77F0CB009CA509 /* SecondViewController.h */,
				04335D2A1C77F0CB009CA509 /* SecondViewController.m */,
				04335D2C1C77F0CB009CA509 /* Main.storyboard */,
				04335D2F1C77F0CB009CA509 /* Images.xcassets */,
				04335D311C77F0CB009CA509 /* LaunchScreen.xib */,
				04335D1F1C77F0CB009CA509 /* Supporting Files */,
			);
			path = moneyshot;
			sourceTree = "<group>";
		};
		04335D1F1C77F0CB009CA509 /* Supporting Files */ = {
			isa = PBXGroup;
			children = (
				04335D201C77F0CB009CA509 /* Info.plist */,
				04335D211C77F0CB009CA509 /* main.m */,
			);
			name = "Supporting Files";
			sourceTree = "<group>";
		};
		04335D3B1C77F0CB009CA509 /* moneyshotTests */ = {
			isa = PBXGroup;
			children = (
				04335D3E1C77F0CB009CA509 /* moneyshotTests.m */,
				04335D3C1C77F0CB009CA509 /* Supporting Files */,
			);
			path = moneyshotTests;
			sourceTree = "<group>";
		};
		04335D3C1C77F0CB009CA509 /* Supporting Files */ = {
			isa = PBXGroup;
			children = (
				04335D3D1C77F0CB009CA509 /* Info.plist */,
			);
			name = "Supporting Files";
			sourceTree = "<group>";
		};
/* End PBXGroup section */

/* Begin PBXNativeTarget section */
		04335D1B1C77F0CB009CA509 /* moneyshot */ = {
			isa = PBXNativeTarget;
			buildConfigurationList = 04335D421C77F0CB009CA509 /* Build configuration list for PBXNativeTarget "moneyshot" */;
			buildPhases = (
				04335D181C77F0CB009CA509 /* Sources */,
				04335D191C77F0CB009CA509 /* Frameworks */,
				04335D1A1C77F0CB009CA509 /* Resources */,
			);
			buildRules = (
			);
			dependencies = (
			);
			name = moneyshot;
			productName = moneyshot;
			productReference = 04335D1C1C77F0CB009CA509 /* moneyshot.app */;
			productType = "com.apple.product-type.application";
		};
		04335D371C77F0CB009CA509 /* moneyshotTests */ = {
			isa = PBXNativeTarget;
			buildConfigurationList = 04335D451C77F0CB009CA509 /* Build configuration list for PBXNativeTarget "moneyshotTests" */;
			buildPhases = (
				04335D341C77F0CB009CA509 /* Sources */,
				04335D351C77F0CB009CA509 /* Frameworks */,
				04335D361C77F0CB009CA509 /* Resources */,
			);
			buildRules = (
			);
			dependencies = (
				04335D3A1C77F0CB009CA509 /* PBXTargetDependency */,
			);
			name = moneyshotTests;
			productName = moneyshotTests;
			productReference = 04335D381C77F0CB009CA509 /* moneyshotTests.xctest */;
			productType = "com.apple.product-type.bundle.unit-test";
		};
/* End PBXNativeTarget section */

/* Begin PBXProject section */
		04335D141C77F0CB009CA509 /* Project object */ = {
			isa = PBXProject;
			attributes = {
				LastUpgradeCheck = 0630;
				ORGANIZATIONNAME = "Jack Connor";
				TargetAttributes = {
					04335D1B1C77F0CB009CA509 = {
						CreatedOnToolsVersion = 6.3.2;
						DevelopmentTeam = 4FKKFQHS66;
					};
					04335D371C77F0CB009CA509 = {
						CreatedOnToolsVersion = 6.3.2;
						TestTargetID = 04335D1B1C77F0CB009CA509;
					};
				};
			};
			buildConfigurationList = 04335D171C77F0CB009CA509 /* Build configuration list for PBXProject "moneyshot" */;
			compatibilityVersion = "Xcode 3.2";
			developmentRegion = English;
			hasScannedForEncodings = 0;
			knownRegions = (
				en,
				Base,
			);
			mainGroup = 04335D131C77F0CB009CA509;
			productRefGroup = 04335D1D1C77F0CB009CA509 /* Products */;
			projectDirPath = "";
			projectRoot = "";
			targets = (
				04335D1B1C77F0CB009CA509 /* moneyshot */,
				04335D371C77F0CB009CA509 /* moneyshotTests */,
			);
		};
/* End PBXProject section */

/* Begin PBXResourcesBuildPhase section */
		04335D1A1C77F0CB009CA509 /* Resources */ = {
			isa = PBXResourcesBuildPhase;
			buildActionMask = 2147483647;
			files = (
				04335D2E1C77F0CB009CA509 /* Main.storyboard in Resources */,
				04335D331C77F0CB009CA509 /* LaunchScreen.xib in Resources */,
				04335D301C77F0CB009CA509 /* Images.xcassets in Resources */,
			);
			runOnlyForDeploymentPostprocessing = 0;
		};
		04335D361C77F0CB009CA509 /* Resources */ = {
			isa = PBXResourcesBuildPhase;
			buildActionMask = 2147483647;
			files = (
			);
			runOnlyForDeploymentPostprocessing = 0;
		};
/* End PBXResourcesBuildPhase section */

/* Begin PBXSourcesBuildPhase section */
		04335D181C77F0CB009CA509 /* Sources */ = {
			isa = PBXSourcesBuildPhase;
			buildActionMask = 2147483647;
			files = (
				04335D2B1C77F0CB009CA509 /* SecondViewController.m in Sources */,
				04335D251C77F0CB009CA509 /* AppDelegate.m in Sources */,
				04335D281C77F0CB009CA509 /* FirstViewController.m in Sources */,
				04335D221C77F0CB009CA509 /* main.m in Sources */,
			);
			runOnlyForDeploymentPostprocessing = 0;
		};
		04335D341C77F0CB009CA509 /* Sources */ = {
			isa = PBXSourcesBuildPhase;
			buildActionMask = 2147483647;
			files = (
				04335D3F1C77F0CB009CA509 /* moneyshotTests.m in Sources */,
			);
			runOnlyForDeploymentPostprocessing = 0;
		};
/* End PBXSourcesBuildPhase section */

/* Begin PBXTargetDependency section */
		04335D3A1C77F0CB009CA509 /* PBXTargetDependency */ = {
			isa = PBXTargetDependency;
			target = 04335D1B1C77F0CB009CA509 /* moneyshot */;
			targetProxy = 04335D391C77F0CB009CA509 /* PBXContainerItemProxy */;
		};
/* End PBXTargetDependency section */

/* Begin PBXVariantGroup section */
		04335D2C1C77F0CB009CA509 /* Main.storyboard */ = {
			isa = PBXVariantGroup;
			children = (
				04335D2D1C77F0CB009CA509 /* Base */,
			);
			name = Main.storyboard;
			sourceTree = "<group>";
		};
		04335D311C77F0CB009CA509 /* LaunchScreen.xib */ = {
			isa = PBXVariantGroup;
			children = (
				04335D321C77F0CB009CA509 /* Base */,
			);
			name = LaunchScreen.xib;
			sourceTree = "<group>";
		};
/* End PBXVariantGroup section */

/* Begin XCBuildConfiguration section */
		04335D401C77F0CB009CA509 /* Debug */ = {
			isa = XCBuildConfiguration;
			buildSettings = {
				ALWAYS_SEARCH_USER_PATHS = NO;
				CLANG_CXX_LANGUAGE_STANDARD = "gnu++0x";
				CLANG_CXX_LIBRARY = "libc++";
				CLANG_ENABLE_MODULES = YES;
				CLANG_ENABLE_OBJC_ARC = YES;
				CLANG_WARN_BOOL_CONVERSION = YES;
				CLANG_WARN_CONSTANT_CONVERSION = YES;
				CLANG_WARN_DIRECT_OBJC_ISA_USAGE = YES_ERROR;
				CLANG_WARN_EMPTY_BODY = YES;
				CLANG_WARN_ENUM_CONVERSION = YES;
				CLANG_WARN_INT_CONVERSION = YES;
				CLANG_WARN_OBJC_ROOT_CLASS = YES_ERROR;
				CLANG_WARN_UNREACHABLE_CODE = YES;
				CLANG_WARN__DUPLICATE_METHOD_MATCH = YES;
				"CODE_SIGN_IDENTITY[sdk=iphoneos*]" = "iPhone Developer";
				COPY_PHASE_STRIP = NO;
				DEBUG_INFORMATION_FORMAT = "dwarf-with-dsym";
				ENABLE_STRICT_OBJC_MSGSEND = YES;
				GCC_C_LANGUAGE_STANDARD = gnu99;
				GCC_DYNAMIC_NO_PIC = NO;
				GCC_NO_COMMON_BLOCKS = YES;
				GCC_OPTIMIZATION_LEVEL = 0;
				GCC_PREPROCESSOR_DEFINITIONS = (
					"DEBUG=1",
					"$(inherited)",
				);
				GCC_SYMBOLS_PRIVATE_EXTERN = NO;
				GCC_WARN_64_TO_32_BIT_CONVERSION = YES;
				GCC_WARN_ABOUT_RETURN_TYPE = YES_ERROR;
				GCC_WARN_UNDECLARED_SELECTOR = YES;
				GCC_WARN_UNINITIALIZED_AUTOS = YES_AGGRESSIVE;
				GCC_WARN_UNUSED_FUNCTION = YES;
				GCC_WARN_UNUSED_VARIABLE = YES;
				IPHONEOS_DEPLOYMENT_TARGET = 8.3;
				MTL_ENABLE_DEBUG_INFO = YES;
				ONLY_ACTIVE_ARCH = YES;
				SDKROOT = iphoneos;
				TARGETED_DEVICE_FAMILY = "1,2";
			};
			name = Debug;
		};
		04335D411C77F0CB009CA509 /* Release */ = {
			isa = XCBuildConfiguration;
			buildSettings = {
				ALWAYS_SEARCH_USER_PATHS = NO;
				CLANG_CXX_LANGUAGE_STANDARD = "gnu++0x";
				CLANG_CXX_LIBRARY = "libc++";
				CLANG_ENABLE_MODULES = YES;
				CLANG_ENABLE_OBJC_ARC = YES;
				CLANG_WARN_BOOL_CONVERSION = YES;
				CLANG_WARN_CONSTANT_CONVERSION = YES;
				CLANG_WARN_DIRECT_OBJC_ISA_USAGE = YES_ERROR;
				CLANG_WARN_EMPTY_BODY = YES;
				CLANG_WARN_ENUM_CONVERSION = YES;
				CLANG_WARN_INT_CONVERSION = YES;
				CLANG_WARN_OBJC_ROOT_CLASS = YES_ERROR;
				CLANG_WARN_UNREACHABLE_CODE = YES;
				CLANG_WARN__DUPLICATE_METHOD_MATCH = YES;
				"CODE_SIGN_IDENTITY[sdk=iphoneos*]" = "iPhone Developer";
				COPY_PHASE_STRIP = NO;
				DEBUG_INFORMATION_FORMAT = "dwarf-with-dsym";
				ENABLE_NS_ASSERTIONS = NO;
				ENABLE_STRICT_OBJC_MSGSEND = YES;
				GCC_C_LANGUAGE_STANDARD = gnu99;
				GCC_NO_COMMON_BLOCKS = YES;
				GCC_WARN_64_TO_32_BIT_CONVERSION = YES;
				GCC_WARN_ABOUT_RETURN_TYPE = YES_ERROR;
				GCC_WARN_UNDECLARED_SELECTOR = YES;
				GCC_WARN_UNINITIALIZED_AUTOS = YES_AGGRESSIVE;
				GCC_WARN_UNUSED_FUNCTION = YES;
				GCC_WARN_UNUSED_VARIABLE = YES;
				IPHONEOS_DEPLOYMENT_TARGET = 8.3;
				MTL_ENABLE_DEBUG_INFO = NO;
				SDKROOT = iphoneos;
				TARGETED_DEVICE_FAMILY = "1,2";
				VALIDATE_PRODUCT = YES;
			};
			name = Release;
		};
		04335D431C77F0CB009CA509 /* Debug */ = {
			isa = XCBuildConfiguration;
			buildSettings = {
				ASSETCATALOG_COMPILER_APPICON_NAME = AppIcon;
				CODE_SIGN_IDENTITY = "iPhone Developer";
				INFOPLIST_FILE = moneyshot/Info.plist;
				IPHONEOS_DEPLOYMENT_TARGET = 6.0;
				LD_RUNPATH_SEARCH_PATHS = "$(inherited) @executable_path/Frameworks";
				PRODUCT_NAME = "$(TARGET_NAME)";
				TARGETED_DEVICE_FAMILY = 1;
			};
			name = Debug;
		};
		04335D441C77F0CB009CA509 /* Release */ = {
			isa = XCBuildConfiguration;
			buildSettings = {
				ASSETCATALOG_COMPILER_APPICON_NAME = AppIcon;
				CODE_SIGN_IDENTITY = "iPhone Developer";
				INFOPLIST_FILE = moneyshot/Info.plist;
				IPHONEOS_DEPLOYMENT_TARGET = 6.0;
				LD_RUNPATH_SEARCH_PATHS = "$(inherited) @executable_path/Frameworks";
				PRODUCT_NAME = "$(TARGET_NAME)";
				TARGETED_DEVICE_FAMILY = 1;
			};
			name = Release;
		};
		04335D461C77F0CB009CA509 /* Debug */ = {
			isa = XCBuildConfiguration;
			buildSettings = {
				BUNDLE_LOADER = "$(TEST_HOST)";
				FRAMEWORK_SEARCH_PATHS = (
					"$(SDKROOT)/Developer/Library/Frameworks",
					"$(inherited)",
				);
				GCC_PREPROCESSOR_DEFINITIONS = (
					"DEBUG=1",
					"$(inherited)",
				);
				INFOPLIST_FILE = moneyshotTests/Info.plist;
				LD_RUNPATH_SEARCH_PATHS = "$(inherited) @executable_path/Frameworks @loader_path/Frameworks";
				PRODUCT_NAME = "$(TARGET_NAME)";
				TEST_HOST = "$(BUILT_PRODUCTS_DIR)/moneyshot.app/moneyshot";
			};
			name = Debug;
		};
		04335D471C77F0CB009CA509 /* Release */ = {
			isa = XCBuildConfiguration;
			buildSettings = {
				BUNDLE_LOADER = "$(TEST_HOST)";
				FRAMEWORK_SEARCH_PATHS = (
					"$(SDKROOT)/Developer/Library/Frameworks",
					"$(inherited)",
				);
				INFOPLIST_FILE = moneyshotTests/Info.plist;
				LD_RUNPATH_SEARCH_PATHS = "$(inherited) @executable_path/Frameworks @loader_path/Frameworks";
				PRODUCT_NAME = "$(TARGET_NAME)";
				TEST_HOST = "$(BUILT_PRODUCTS_DIR)/moneyshot.app/moneyshot";
			};
			name = Release;
		};
/* End XCBuildConfiguration section */

/* Begin XCConfigurationList section */
		04335D171C77F0CB009CA509 /* Build configuration list for PBXProject "moneyshot" */ = {
			isa = XCConfigurationList;
			buildConfigurations = (
				04335D401C77F0CB009CA509 /* Debug */,
				04335D411C77F0CB009CA509 /* Release */,
			);
			defaultConfigurationIsVisible = 0;
			defaultConfigurationName = Release;
		};
		04335D421C77F0CB009CA509 /* Build configuration list for PBXNativeTarget "moneyshot" */ = {
			isa = XCConfigurationList;
			buildConfigurations = (
				04335D431C77F0CB009CA509 /* Debug */,
				04335D441C77F0CB009CA509 /* Release */,
			);
			defaultConfigurationIsVisible = 0;
			defaultConfigurationName = Release;
		};
		04335D451C77F0CB009CA509 /* Build configuration list for PBXNativeTarget "moneyshotTests" */ = {
			isa = XCConfigurationList;
			buildConfigurations = (
				04335D461C77F0CB009CA509 /* Debug */,
				04335D471C77F0CB009CA509 /* Release */,
			);
			defaultConfigurationIsVisible = 0;
			defaultConfigurationName = Release;
		};
/* End XCConfigurationList section */
	};
	rootObject = 04335D141C77F0CB009CA509 /* Project object */;
}
